
Microsoft Visual Studio Solution File, Format Version 12.00
# Visual Studio Version 16
VisualStudioVersion = 16.0.30204.135
MinimumVisualStudioVersion = 10.0.40219.1
Project("{FAE04EC0-301F-11D3-BF4B-00C04F79EFBC}") = "June18.1", "June18.1.csproj", "{06E911F0-22BE-457F-B707-049D5437D524}"
EndProject
Global
	GlobalSection(SolutionConfigurationPlatforms) = preSolution
		Debug|Any CPU = Debug|Any CPU
		Release|Any CPU = Release|Any CPU
	EndGlobalSection
	GlobalSection(ProjectConfigurationPlatforms) = postSolution
		{06E911F0-22BE-457F-B707-049D5437D524}.Debug|Any CPU.ActiveCfg = Debug|Any CPU
		{06E911F0-22BE-457F-B707-049D5437D524}.Debug|Any CPU.Build.0 = Debug|Any CPU
		{06E911F0-22BE-457F-B707-049D5437D524}.Release|Any CPU.ActiveCfg = Release|Any CPU
		{06E911F0-22BE-457F-B707-049D5437D524}.Release|Any CPU.Build.0 = Release|Any CPU
	EndGlobalSection
	GlobalSection(SolutionProperties) = preSolution
		HideSolutionNode = FALSE
	EndGlobalSection
	GlobalSection(ExtensibilityGlobals) = postSolution
		SolutionGuid = {89663BD3-71B5-48E0-B08D-B3216E7768BD}
	EndGlobalSection
EndGlobal
